
Microsoft Visual Studio Solution File, Format Version 12.00
# Visual Studio Version 16
VisualStudioVersion = 16.0.30406.217
MinimumVisualStudioVersion = 10.0.40219.1
Project("{9A19103F-16F7-4668-BE54-9A1E7A4F7556}") = "aria", "aria\aria.csproj", "{A1A04E16-FA3F-4FC0-8E1B-ECB7930E6BFF}"
EndProject
Project("{FAE04EC0-301F-11D3-BF4B-00C04F79EFBC}") = "TestProject", "TestProject\TestProject.csproj", "{9C4CFC21-BFCF-45FA-A0C5-59F1B5EEB436}"
EndProject
Global
	GlobalSection(SolutionConfigurationPlatforms) = preSolution
		Debug|Any CPU = Debug|Any CPU
		Debug|x64 = Debug|x64
		Debug|x86 = Debug|x86
		Release|Any CPU = Release|Any CPU
		Release|x64 = Release|x64
		Release|x86 = Release|x86
	EndGlobalSection
	GlobalSection(ProjectConfigurationPlatforms) = postSolution
		{A1A04E16-FA3F-4FC0-8E1B-ECB7930E6BFF}.Debug|Any CPU.ActiveCfg = Debug|Any CPU
		{A1A04E16-FA3F-4FC0-8E1B-ECB7930E6BFF}.Debug|Any CPU.Build.0 = Debug|Any CPU
		{A1A04E16-FA3F-4FC0-8E1B-ECB7930E6BFF}.Debug|x64.ActiveCfg = Debug|Any CPU
		{A1A04E16-FA3F-4FC0-8E1B-ECB7930E6BFF}.Debug|x64.Build.0 = Debug|Any CPU
		{A1A04E16-FA3F-4FC0-8E1B-ECB7930E6BFF}.Debug|x86.ActiveCfg = Debug|Any CPU
		{A1A04E16-FA3F-4FC0-8E1B-ECB7930E6BFF}.Debug|x86.Build.0 = Debug|Any CPU
		{A1A04E16-FA3F-4FC0-8E1B-ECB7930E6BFF}.Release|Any CPU.ActiveCfg = Release|Any CPU
		{A1A04E16-FA3F-4FC0-8E1B-ECB7930E6BFF}.Release|Any CPU.Build.0 = Release|Any CPU
		{A1A04E16-FA3F-4FC0-8E1B-ECB7930E6BFF}.Release|x64.ActiveCfg = Release|Any CPU
		{A1A04E16-FA3F-4FC0-8E1B-ECB7930E6BFF}.Release|x64.Build.0 = Release|Any CPU
		{A1A04E16-FA3F-4FC0-8E1B-ECB7930E6BFF}.Release|x86.ActiveCfg = Release|Any CPU
		{A1A04E16-FA3F-4FC0-8E1B-ECB7930E6BFF}.Release|x86.Build.0 = Release|Any CPU
		{9C4CFC21-BFCF-45FA-A0C5-59F1B5EEB436}.Debug|Any CPU.ActiveCfg = Debug|Any CPU
		{9C4CFC21-BFCF-45FA-A0C5-59F1B5EEB436}.Debug|Any CPU.Build.0 = Debug|Any CPU
		{9C4CFC21-BFCF-45FA-A0C5-59F1B5EEB436}.Debug|x64.ActiveCfg = Debug|Any CPU
		{9C4CFC21-BFCF-45FA-A0C5-59F1B5EEB436}.Debug|x64.Build.0 = Debug|Any CPU
		{9C4CFC21-BFCF-45FA-A0C5-59F1B5EEB436}.Debug|x86.ActiveCfg = Debug|Any CPU
		{9C4CFC21-BFCF-45FA-A0C5-59F1B5EEB436}.Debug|x86.Build.0 = Debug|Any CPU
		{9C4CFC21-BFCF-45FA-A0C5-59F1B5EEB436}.Release|Any CPU.ActiveCfg = Release|Any CPU
		{9C4CFC21-BFCF-45FA-A0C5-59F1B5EEB436}.Release|Any CPU.Build.0 = Release|Any CPU
		{9C4CFC21-BFCF-45FA-A0C5-59F1B5EEB436}.Release|x64.ActiveCfg = Release|Any CPU
		{9C4CFC21-BFCF-45FA-A0C5-59F1B5EEB436}.Release|x64.Build.0 = Release|Any CPU
		{9C4CFC21-BFCF-45FA-A0C5-59F1B5EEB436}.Release|x86.ActiveCfg = Release|Any CPU
		{9C4CFC21-BFCF-45FA-A0C5-59F1B5EEB436}.Release|x86.Build.0 = Release|Any CPU
	EndGlobalSection
	GlobalSection(SolutionProperties) = preSolution
		HideSolutionNode = FALSE
	EndGlobalSection
	GlobalSection(ExtensibilityGlobals) = postSolution
		SolutionGuid = {E200A6D5-68D1-4BDE-8869-87DA652A90EE}
	EndGlobalSection
EndGlobal
